
Microsoft Visual Studio Solution File, Format Version 12.00
# Visual Studio Version 17
VisualStudioVersion = 17.5.002.0
MinimumVisualStudioVersion = 10.0.40219.1
Project("{9A19103F-16F7-4668-BE54-9A1E7A4F7556}") = "SayisalLotoWinForm", "SayisalLotoWinForm.csproj", "{29ED0449-7089-47BD-A147-DE89333092D8}"
EndProject
Global
	GlobalSection(SolutionConfigurationPlatforms) = preSolution
		Debug|Any CPU = Debug|Any CPU
		Release|Any CPU = Release|Any CPU
	EndGlobalSection
	GlobalSection(ProjectConfigurationPlatforms) = postSolution
		{29ED0449-7089-47BD-A147-DE89333092D8}.Debug|Any CPU.ActiveCfg = Debug|Any CPU
		{29ED0449-7089-47BD-A147-DE89333092D8}.Debug|Any CPU.Build.0 = Debug|Any CPU
		{29ED0449-7089-47BD-A147-DE89333092D8}.Release|Any CPU.ActiveCfg = Release|Any CPU
		{29ED0449-7089-47BD-A147-DE89333092D8}.Release|Any CPU.Build.0 = Release|Any CPU
	EndGlobalSection
	GlobalSection(SolutionProperties) = preSolution
		HideSolutionNode = FALSE
	EndGlobalSection
	GlobalSection(ExtensibilityGlobals) = postSolution
		SolutionGuid = {C15BD2E0-FE32-4AD3-830F-D1566D7A496A}
	EndGlobalSection
EndGlobal
